
Microsoft Visual Studio Solution File, Format Version 12.00
# Visual Studio Version 16
VisualStudioVersion = 16.0.30011.22
MinimumVisualStudioVersion = 10.0.40219.1
Project("{FAE04EC0-301F-11D3-BF4B-00C04F79EFBC}") = "DevOpsApp01", "DevOpsApp01.csproj", "{F79F9525-6375-445D-826B-9002B89C5DDC}"
EndProject
Global
	GlobalSection(SolutionConfigurationPlatforms) = preSolution
		Debug|Any CPU = Debug|Any CPU
		Release|Any CPU = Release|Any CPU
	EndGlobalSection
	GlobalSection(ProjectConfigurationPlatforms) = postSolution
		{F79F9525-6375-445D-826B-9002B89C5DDC}.Debug|Any CPU.ActiveCfg = Debug|Any CPU
		{F79F9525-6375-445D-826B-9002B89C5DDC}.Debug|Any CPU.Build.0 = Debug|Any CPU
		{F79F9525-6375-445D-826B-9002B89C5DDC}.Release|Any CPU.ActiveCfg = Release|Any CPU
		{F79F9525-6375-445D-826B-9002B89C5DDC}.Release|Any CPU.Build.0 = Release|Any CPU
	EndGlobalSection
	GlobalSection(SolutionProperties) = preSolution
		HideSolutionNode = FALSE
	EndGlobalSection
	GlobalSection(ExtensibilityGlobals) = postSolution
		SolutionGuid = {3BC9562F-1C9C-40F4-A364-1444B6B6EEB5}
	EndGlobalSection
EndGlobal
